
Microsoft Visual Studio Solution File, Format Version 12.00
# Visual Studio 15
VisualStudioVersion = 15.0.27703.2000
MinimumVisualStudioVersion = 10.0.40219.1
Project("{FAE04EC0-301F-11D3-BF4B-00C04F79EFBC}") = "TheGame", "TheGame.csproj", "{2A06C275-FF04-4640-6400-1FD26CC97065}"
EndProject
Project("{FAE04EC0-301F-11D3-BF4B-00C04F79EFBC}") = "TheGame.Editor", "TheGame.Editor.csproj", "{63853BC4-34D6-DD25-8058-98709022A788}"
EndProject
Global
	GlobalSection(SolutionConfigurationPlatforms) = preSolution
		Debug|Any CPU = Debug|Any CPU
		Release|Any CPU = Release|Any CPU
	EndGlobalSection
	GlobalSection(ProjectConfigurationPlatforms) = postSolution
		{2A06C275-FF04-4640-6400-1FD26CC97065}.Debug|Any CPU.ActiveCfg = Debug|Any CPU
		{2A06C275-FF04-4640-6400-1FD26CC97065}.Debug|Any CPU.Build.0 = Debug|Any CPU
		{2A06C275-FF04-4640-6400-1FD26CC97065}.Release|Any CPU.ActiveCfg = Release|Any CPU
		{2A06C275-FF04-4640-6400-1FD26CC97065}.Release|Any CPU.Build.0 = Release|Any CPU
		{63853BC4-34D6-DD25-8058-98709022A788}.Debug|Any CPU.ActiveCfg = Debug|Any CPU
		{63853BC4-34D6-DD25-8058-98709022A788}.Debug|Any CPU.Build.0 = Debug|Any CPU
		{63853BC4-34D6-DD25-8058-98709022A788}.Release|Any CPU.ActiveCfg = Release|Any CPU
		{63853BC4-34D6-DD25-8058-98709022A788}.Release|Any CPU.Build.0 = Release|Any CPU
	EndGlobalSection
	GlobalSection(SolutionProperties) = preSolution
		HideSolutionNode = FALSE
	EndGlobalSection
	GlobalSection(ExtensibilityGlobals) = postSolution
		SolutionGuid = {C0EAD919-644C-458D-B94E-0BEA4155ED52}
	EndGlobalSection
EndGlobal
